github.com/go-sql-driver/mysql v1.6.0 h1:BCTh4TKNUYmOmMUcQ3IipzF5prigylS7XXjEkfCHuOE=
github.com/go-sql-driver/mysql v1.6.0/go.mod h1:DCzpHaOWr8IXmIStZouvnhqoel9Qv2LBy8hT2VhHyBg=
github.com/pjebs/optimus-go v1.0.0 h1:xAyaJeAF8MX+1QorRpcCJ9jLE6jSLX0oH3f+z5qn2Nc=
github.com/pjebs/optimus-go v1.0.0/go.mod h1:rdfF1L7F3dtTa7W6uS+Mc5f+1qLIFASNERz14i1Pgrw=
